{
    "_readme": [
        "This file locks the dependencies of your project to a known state",
        "Read more about it at https://getcomposer.org/doc/01-basic-usage.md#installing-dependencies",
        "This file is @generated automatically"
    ],
    "content-hash": "f359447f280dab4999ef3d7fc59e72ec",
    "packages": [
        {
            "name": "mootly/mp_errors",
            "version": "v1.0.0",
            "source": {
                "type": "git",
                "url": "https://github.com/Mootly/mp_errors.git",
                "reference": "fbe55ccca986d761393389c0daba78f0522b6c88"
            },
            "dist": {
                "type": "zip",
                "url": "https://api.github.com/repos/Mootly/mp_errors/zipball/fbe55ccca986d761393389c0daba78f0522b6c88",
                "reference": "fbe55ccca986d761393389c0daba78f0522b6c88",
                "shasum": ""
            },
            "require": {
                "php": ">=8.0.0"
            },
            "type": "library",
            "autoload": {
                "psr-4": {
                    "mpc\\": "src/"
                }
            },
            "notification-url": "https://packagist.org/downloads/",
            "license": [
                "MIT"
            ],
            "authors": [
                {
                    "name": "Mootly Obviate",
                    "email": "mootly@mooseplum.org",
                    "homepage": "https://mooseplum.org",
                    "role": "developer"
                }
            ],
            "description": "MoosePlum Error Management Class",
            "homepage": "https://github.com/Mootly/mp_errors",
            "keywords": [
                "error",
                "errors",
                "logging",
                "php"
            ],
            "support": {
                "issues": "https://github.com/Mootly/mp_errors/issues",
                "source": "https://github.com/Mootly/mp_errors/tree/v1.0.0"
            },
            "time": "2022-11-01T17:27:14+00:00"
        }
    ],
    "packages-dev": [],
    "aliases": [],
    "minimum-stability": "stable",
    "stability-flags": [],
    "prefer-stable": false,
    "prefer-lowest": false,
    "platform": {
        "php": ">=8.0.0"
    },
    "platform-dev": [],
    "plugin-api-version": "2.3.0"
}
